<?xml version="1.0" encoding="UTF-8" standalone="yes" ?>
<CodeBlocks_project_file>
	<FileVersion major="1" minor="6" />
	<Project>
		<Option title="chess" />
		<Option pch_mode="2" />
		<Option compiler="gcc" />
		<Build>
			<Target title="Debug">
				<Option output="bin/Debug/chess" prefix_auto="1" extension_auto="1" />
				<Option object_output="obj/Debug/" />
				<Option type="1" />
				<Option compiler="gcc" />
				<Compiler>
					<Add option="-g" />
					<Add directory="ADTsrc" />
				</Compiler>
			</Target>
			<Target title="Release">
				<Option output="bin/Release/chess" prefix_auto="1" extension_auto="1" />
				<Option object_output="obj/Release/" />
				<Option type="0" />
				<Option compiler="gcc" />
				<Compiler>
					<Add option="-O2" />
					<Add directory="ADTsrc" />
				</Compiler>
				<Linker>
					<Add option="-s" />
				</Linker>
			</Target>
			<Target title="Test">
				<Option output="bin/Test/chess_test" prefix_auto="1" extension_auto="1" />
				<Option object_output="obj/Test/" />
				<Option type="1" />
				<Option compiler="gcc" />
				<Compiler>
					<Add option="-g" />
					<Add option="-DTESTING" />
					<Add directory="ADTsrc" />
				</Compiler>
			</Target>
		</Build>
		<VirtualTargets>
			<Add alias="test_debug" targets="Debug;Test;" />
		</VirtualTargets>
		<Compiler>
			<Add option="-Wall" />
			<Add option="-DGTKMM_DISABLE_DEPRECATED" />
			<Add option="-DGDKMM_DISABLE_DEPRECATED" />
			<Add option="-DGLIBMM_DISABLE_DEPRECATED" />
			<Add option="-DGIOMM_DISABLE_DEPRECATED" />
			<Add directory="./" />
		</Compiler>
		<ExtraCommands>
			<Add before="glib-compile-resources --target=resources.c --sourcedir=guisrc --generate-source guisrc/chess.gresource.xml" />
		</ExtraCommands>
		<Unit filename="ADTsrc/board.cc" />
		<Unit filename="ADTsrc/board.h" />
		<Unit filename="ADTsrc/chessgame.cc" />
		<Unit filename="ADTsrc/chessgame.h" />
		<Unit filename="ADTsrc/pgnlexer.cc" />
		<Unit filename="ADTsrc/pgnlexer.h" />
		<Unit filename="ADTsrc/pgnparser.cc" />
		<Unit filename="ADTsrc/pgnparser.h" />
		<Unit filename="ADTsrc/pgntoken.cc" />
		<Unit filename="ADTsrc/pgntoken.h" />
		<Unit filename="ADTsrc/ply.cc" />
		<Unit filename="ADTsrc/ply.h" />
		<Unit filename="ADTsrc/pods.cc" />
		<Unit filename="ADTsrc/pods.h" />
		<Unit filename="chessmain.cc" />
		<Unit filename="game.png" />
		<Unit filename="guisrc/appui.glade">
			<Option target="Debug" />
			<Option target="Release" />
		</Unit>
		<Unit filename="guisrc/chess.gresource.xml">
			<Option target="Debug" />
			<Option target="Release" />
		</Unit>
		<Unit filename="guisrc/chess.ico">
			<Option target="Debug" />
			<Option target="Release" />
		</Unit>
		<Unit filename="guisrc/chess.png">
			<Option target="Debug" />
			<Option target="Release" />
		</Unit>
		<Unit filename="guisrc/chessappgui.cc">
			<Option target="Debug" />
			<Option target="Release" />
		</Unit>
		<Unit filename="guisrc/chessappgui.h">
			<Option target="Debug" />
			<Option target="Release" />
		</Unit>
		<Unit filename="guisrc/chessboard.cc">
			<Option target="Debug" />
			<Option target="Release" />
		</Unit>
		<Unit filename="guisrc/chessboard.h">
			<Option target="Debug" />
			<Option target="Release" />
		</Unit>
		<Unit filename="guisrc/chesscontroller.cc">
			<Option target="Debug" />
			<Option target="Release" />
		</Unit>
		<Unit filename="guisrc/chesscontroller.h">
			<Option target="Debug" />
			<Option target="Release" />
		</Unit>
		<Unit filename="guisrc/chessview.cc">
			<Option target="Debug" />
			<Option target="Release" />
		</Unit>
		<Unit filename="guisrc/chessview.h">
			<Option target="Debug" />
			<Option target="Release" />
		</Unit>
		<Unit filename="guisrc/dlgcolours.cc">
			<Option target="Debug" />
			<Option target="Release" />
		</Unit>
		<Unit filename="guisrc/dlgcolours.h">
			<Option target="Debug" />
			<Option target="Release" />
		</Unit>
		<Unit filename="guisrc/dlgfilenamechooser.cc" />
		<Unit filename="guisrc/dlgfilenamechooser.h" />
		<Unit filename="guisrc/dlgpiecevalues.cc">
			<Option target="Debug" />
			<Option target="Release" />
		</Unit>
		<Unit filename="guisrc/dlgpiecevalues.h">
			<Option target="Debug" />
			<Option target="Release" />
		</Unit>
		<Unit filename="guisrc/dlgtimeinputter.cc">
			<Option target="Debug" />
			<Option target="Release" />
		</Unit>
		<Unit filename="guisrc/dlgtimeinputter.h">
			<Option target="Debug" />
			<Option target="Release" />
		</Unit>
		<Unit filename="guisrc/pieces.png">
			<Option target="Debug" />
			<Option target="Release" />
		</Unit>
		<Unit filename="logicsrc/chessappbase.h" />
		<Unit filename="logicsrc/chessengine.cc" />
		<Unit filename="logicsrc/chessengine.h" />
		<Unit filename="logicsrc/colourchooser.cc" />
		<Unit filename="logicsrc/colourchooser.h" />
		<Unit filename="logicsrc/fentranslator.cc" />
		<Unit filename="logicsrc/fentranslator.h" />
		<Unit filename="logicsrc/gameloader.cc" />
		<Unit filename="logicsrc/gameloader.h" />
		<Unit filename="logicsrc/movegenerator.cc" />
		<Unit filename="logicsrc/movegenerator.h" />
		<Unit filename="logicsrc/piecevalues.cc" />
		<Unit filename="logicsrc/piecevalues.h" />
		<Unit filename="logicsrc/timeinputter.h" />
		<Unit filename="logictest/testapplication.cc" />
		<Unit filename="logictest/testapplication.h">
			<Option target="Test" />
		</Unit>
		<Unit filename="logictest/testcolourchooser.cc">
			<Option target="Test" />
		</Unit>
		<Unit filename="logictest/testcolourchooser.h">
			<Option target="Test" />
		</Unit>
		<Unit filename="logictest/testfilenamechooser.h">
			<Option target="Test" />
		</Unit>
		<Unit filename="logictest/testgameobject.cc">
			<Option target="Test" />
		</Unit>
		<Unit filename="logictest/testgameobject.h">
			<Option target="Test" />
		</Unit>
		<Unit filename="logictest/testpgnlexer.cc">
			<Option target="Test" />
		</Unit>
		<Unit filename="logictest/testpgnlexer.h" />
		<Unit filename="logictest/testpgnparser.cc">
			<Option target="Test" />
		</Unit>
		<Unit filename="logictest/testpgnparser.h">
			<Option target="Test" />
		</Unit>
		<Unit filename="logictest/testpgntoken.cc">
			<Option target="Test" />
		</Unit>
		<Unit filename="logictest/testpgntoken.h" />
		<Unit filename="logictest/testpiecevalues.cc">
			<Option target="Test" />
		</Unit>
		<Unit filename="logictest/testpiecevalues.h">
			<Option target="Test" />
		</Unit>
		<Unit filename="logictest/teststhalvemove.cc">
			<Option target="Test" />
		</Unit>
		<Unit filename="logictest/teststhalvemove.h">
			<Option target="Test" />
		</Unit>
		<Unit filename="logictest/testtimeinputter.cc">
			<Option target="Test" />
		</Unit>
		<Unit filename="logictest/testtimeinputter.h">
			<Option target="Test" />
		</Unit>
		<Unit filename="resources.c">
			<Option compilerVar="CC" />
			<Option target="Debug" />
			<Option target="Release" />
		</Unit>
		<Extensions>
			<lib_finder disable_auto="0">
				<lib name="gtkmm-3.0" />
				<lib name="cppunit" />
				<lib name="gthread-2.0" />
			</lib_finder>
		</Extensions>
	</Project>
</CodeBlocks_project_file>
