<?xml version="1.0" encoding="UTF-8" standalone="yes" ?>
<CodeBlocks_project_file>
	<FileVersion major="1" minor="6" />
	<Project>
		<Option title="chessmfc" />
		<Option pch_mode="2" />
		<Option compiler="gcc" />
		<Build>
			<Target title="Win32 Release">
				<Option output="/home/alwin/Documents/Programming/ChessStuff/chessmfc/Release/chessmfc" prefix_auto="1" extension_auto="1" />
				<Option object_output="Release" />
				<Option type="0" />
				<Option compiler="gcc" />
				<Compiler>
					<Add option="-W" />
					<Add option="-fexceptions" />
					<Add option="-O2" />
					<Add option="-DWIN32" />
					<Add option="-DNDEBUG" />
					<Add option="-D_WINDOWS" />
					<Add option="-D_AFXDLL" />
					<Add option="-D_MBCS" />
				</Compiler>
			</Target>
			<Target title="Win32 Debug">
				<Option output="/home/alwin/Documents/Programming/ChessStuff/chessmfc/Debug/chessmfc" prefix_auto="1" extension_auto="1" />
				<Option object_output="Debug" />
				<Option type="0" />
				<Option compiler="gcc" />
				<Compiler>
					<Add option="-W" />
					<Add option="-fexceptions" />
					<Add option="-g" />
					<Add option="-DWIN32" />
					<Add option="-D_DEBUG" />
					<Add option="-D_WINDOWS" />
					<Add option="-D_AFXDLL" />
					<Add option="-D_MBCS" />
				</Compiler>
			</Target>
		</Build>
		<Unit filename="Board.cpp" />
		<Unit filename="ChessDoc.cpp" />
		<Unit filename="ChessFrm.cpp" />
		<Unit filename="chessmfc.cpp" />
		<Unit filename="chessmfc.rc" />
		<Unit filename="ChessView.cpp" />
		<Unit filename="DlgInput.cpp" />
		<Unit filename="Move.cpp" />
		<Unit filename="Piece.cpp" />
		<Unit filename="StdAfx.cpp" />
		<Unit filename="WndInfo.cpp" />
		<Unit filename="Board.h" />
		<Unit filename="ChessDoc.h" />
		<Unit filename="ChessFrm.h" />
		<Unit filename="chessmfc.h" />
		<Unit filename="ChessView.h" />
		<Unit filename="DlgInput.h" />
		<Unit filename="Move.h" />
		<Unit filename="Piece.h" />
		<Unit filename="Resource.h" />
		<Unit filename="StdAfx.h" />
		<Unit filename="WndInfo.h" />
		<Unit filename="res/ChessDoc.ico" />
		<Unit filename="res/chessmfc.ico" />
		<Unit filename="res/chessmfc.rc2" />
		<Unit filename="res/mask.bmp" />
		<Unit filename="res/Toolbar.bmp" />
		<Unit filename="ReadMe.txt" />
		<Extensions>
			<code_completion />
			<envvars />
			<debugger />
		</Extensions>
	</Project>
</CodeBlocks_project_file>
