<?xml version="1.0" encoding="UTF-8" standalone="yes" ?>
<CodeBlocks_project_file>
	<FileVersion major="1" minor="6" />
	<Project>
		<Option title="OWLChess" />
		<Option pch_mode="2" />
		<Option compiler="gcc" />
		<Build>
			<Target title="Debug">
				<Option output="OWLChess" prefix_auto="1" extension_auto="1" />
				<Option object_output="obj/Debug/" />
				<Option type="1" />
				<Option compiler="gcc" />
				<Compiler>
					<Add option="-g" />
				</Compiler>
			</Target>
			<Target title="Release">
				<Option output="OWLChess" prefix_auto="1" extension_auto="1" />
				<Option object_output="obj/Release/" />
				<Option type="1" />
				<Option compiler="gcc" />
				<Compiler>
					<Add option="-O2" />
				</Compiler>
				<Linker>
					<Add option="-s" />
				</Linker>
			</Target>
		</Build>
		<Compiler>
			<Add option="-Wall" />
		</Compiler>
		<Unit filename="BBISHOP.BMP" />
		<Unit filename="BKBRUSH.BMP" />
		<Unit filename="BKING.BMP" />
		<Unit filename="BKNGT.BMP" />
		<Unit filename="BMASK.BMP" />
		<Unit filename="BOARD.CPP" />
		<Unit filename="BPAWN.BMP" />
		<Unit filename="BQUEEN.BMP" />
		<Unit filename="BROOK.BMP" />
		<Unit filename="CHESS.ICO" />
		<Unit filename="COLORS.CPP" />
		<Unit filename="COLORS.H" />
		<Unit filename="DISPLAY.CPP" />
		<Unit filename="DRAG.CPP" />
		<Unit filename="EDIT.CPP" />
		<Unit filename="EDIT.H" />
		<Unit filename="EVALU.CPP" />
		<Unit filename="EXTERNS.H" />
		<Unit filename="INFO.CPP" />
		<Unit filename="INFO.H" />
		<Unit filename="KMASK.BMP" />
		<Unit filename="KTMASK.BMP" />
		<Unit filename="MAKEFILE" />
		<Unit filename="MOVGEN.CPP" />
		<Unit filename="OPENING.LIB" />
		<Unit filename="PMASK.BMP" />
		<Unit filename="PVALUE.CPP" />
		<Unit filename="PVALUE.H" />
		<Unit filename="QMASK.BMP" />
		<Unit filename="RMASK.BMP" />
		<Unit filename="SAVEREST.CPP" />
		<Unit filename="SEARCH.CPP" />
		<Unit filename="SMALL.CPP" />
		<Unit filename="TALK.CPP" />
		<Unit filename="TIMELIB.CPP" />
		<Unit filename="WBISHOP.BMP" />
		<Unit filename="WCDEFS.H" />
		<Unit filename="WCHESS.CPP" />
		<Unit filename="WCHESS.DEF" />
		<Unit filename="WCHESS.H" />
		<Unit filename="WCHESS.PRJ" />
		<Unit filename="WCHESS.RC" />
		<Unit filename="WKING.BMP" />
		<Unit filename="WKNGT.BMP" />
		<Unit filename="WPAWN.BMP" />
		<Unit filename="WQUEEN.BMP" />
		<Unit filename="WROOK.BMP" />
		<Extensions />
	</Project>
</CodeBlocks_project_file>
