<?xml version="1.0" encoding="UTF-8" standalone="yes" ?>
<CodeBlocks_project_file>
	<FileVersion major="1" minor="6" />
	<Project>
		<Option title="Borland4" />
		<Option pch_mode="2" />
		<Option compiler="gcc" />
		<Build>
			<Target title="Debug">
				<Option output="Borland" prefix_auto="1" extension_auto="1" />
				<Option object_output="obj/Debug/" />
				<Option type="1" />
				<Option compiler="gcc" />
				<Compiler>
					<Add option="-g" />
				</Compiler>
			</Target>
			<Target title="Release">
				<Option output="Borland" prefix_auto="1" extension_auto="1" />
				<Option object_output="obj/Release/" />
				<Option type="1" />
				<Option compiler="gcc" />
				<Compiler>
					<Add option="-O2" />
				</Compiler>
				<Linker>
					<Add option="-s" />
				</Linker>
			</Target>
		</Build>
		<Compiler>
			<Add option="-Wall" />
		</Compiler>
		<Unit filename="board.cpp" />
		<Unit filename="colors.cpp" />
		<Unit filename="colors.h" />
		<Unit filename="display.cpp" />
		<Unit filename="drag.cpp" />
		<Unit filename="edit.cpp" />
		<Unit filename="edit.h" />
		<Unit filename="evalu.cpp" />
		<Unit filename="evalu2.cpp" />
		<Unit filename="externs.h" />
		<Unit filename="info.cpp" />
		<Unit filename="info.h" />
		<Unit filename="movgen.cpp" />
		<Unit filename="pvalue.cpp" />
		<Unit filename="pvalue.h" />
		<Unit filename="saverest.cpp" />
		<Unit filename="search.cpp" />
		<Unit filename="small.cpp" />
		<Unit filename="talk.cpp" />
		<Unit filename="timelib.cpp" />
		<Unit filename="wcdefs.h" />
		<Unit filename="wchess.cpp" />
		<Unit filename="wchess.h" />
		<Unit filename="wchess.rc" />
		<Extensions>
			<code_completion />
			<envvars />
			<debugger />
		</Extensions>
	</Project>
</CodeBlocks_project_file>
